{
  "name": "pi-echoes-vault",
  "version": "0.1.0",
  "lockfileVersion": 3,
  "requires": true,
  "packages": {
    "": {
      "name": "pi-echoes-vault",
      "version": "0.1.0",
      "license": "MIT",
      "devDependencies": {
        "@earendil-works/pi-coding-agent": "file:C:/Users/Mateusz/AppData/Roaming/npm/node_modules/@earendil-works/pi-coding-agent",
        "@types/node": "^22.15.0",
        "typebox": "file:C:/Users/Mateusz/AppData/Roaming/npm/node_modules/@earendil-works/pi-coding-agent/node_modules/typebox",
        "typescript": "^5.8.3"
      },
      "peerDependencies": {
        "@earendil-works/pi-coding-agent": "*",
        "typebox": "*"
      }
    },
    "../../../AppData/Roaming/npm/node_modules/@earendil-works/pi-coding-agent": {
      "version": "0.82.1",
      "dev": true,
      "license": "MIT",
      "dependencies": {
        "@earendil-works/pi-agent-core": "^0.82.1",
        "@earendil-works/pi-ai": "^0.82.1",
        "@earendil-works/pi-tui": "^0.82.1",
        "@silvia-odwyer/photon-node": "0.3.4",
        "chalk": "5.6.2",
        "cross-spawn": "7.0.6",
        "diff": "8.0.4",
        "glob": "13.0.6",
        "highlight.js": "10.7.3",
        "hosted-git-info": "9.0.3",
        "ignore": "7.0.5",
        "jiti": "2.7.0",
        "minimatch": "10.2.5",
        "proper-lockfile": "4.1.2",
        "semver": "7.8.0",
        "typebox": "1.1.38",
        "undici": "8.5.0",
        "yaml": "2.9.0"
      },
      "bin": {
        "pi": "dist/cli.js"
      },
      "devDependencies": {
        "@types/cross-spawn": "6.0.6",
        "@types/diff": "7.0.2",
        "@types/hosted-git-info": "3.0.5",
        "@types/ms": "2.1.0",
        "@types/node": "24.12.4",
        "@types/proper-lockfile": "4.1.4",
        "@types/semver": "7.7.1",
        "shx": "0.4.0",
        "typescript": "5.9.3",
        "vitest": "4.1.9"
      },
      "engines": {
        "node": ">=22.19.0"
      },
      "optionalDependencies": {
        "@mariozechner/clipboard": "0.3.9"
      }
    },
    "../../../AppData/Roaming/npm/node_modules/@earendil-works/pi-coding-agent/node_modules/typebox": {
      "version": "1.1.38",
      "dev": true,
      "license": "MIT"
    },
    "node_modules/@earendil-works/pi-coding-agent": {
      "resolved": "../../../AppData/Roaming/npm/node_modules/@earendil-works/pi-coding-agent",
      "link": true
    },
    "node_modules/@types/node": {
      "version": "22.20.1",
      "resolved": "https://registry.npmjs.org/@types/node/-/node-22.20.1.tgz",
      "integrity": "sha512-EANqOCF9QFyra+4pfxUcX9STKJpCLjMbObVzljIJomAWSnuSIEAvyzEU53GaajbXJEgdh0iEcPL+DGvpUd4k1Q==",
      "dev": true,
      "license": "MIT",
      "dependencies": {
        "undici-types": "~6.21.0"
      }
    },
    "node_modules/typebox": {
      "resolved": "../../../AppData/Roaming/npm/node_modules/@earendil-works/pi-coding-agent/node_modules/typebox",
      "link": true
    },
    "node_modules/typescript": {
      "version": "5.9.3",
      "resolved": "https://registry.npmjs.org/typescript/-/typescript-5.9.3.tgz",
      "integrity": "sha512-jl1vZzPDinLr9eUt3J/t7V6FgNEw9QjvBPdysz9KfQDD41fQrC2Y4vKQdiaUpFT4bXlb1RHhLpp8wtm6M5TgSw==",
      "dev": true,
      "license": "Apache-2.0",
      "bin": {
        "tsc": "bin/tsc",
        "tsserver": "bin/tsserver"
      },
      "engines": {
        "node": ">=14.17"
      }
    },
    "node_modules/undici-types": {
      "version": "6.21.0",
      "resolved": "https://registry.npmjs.org/undici-types/-/undici-types-6.21.0.tgz",
      "integrity": "sha512-iwDZqg0QAGrg9Rav5H4n0M64c3mkR59cJ6wQp+7C4nI0gsmExaedaYLNO44eT4AtBBwjbTiGPMlt2Md0T9H9JQ==",
      "dev": true,
      "license": "MIT"
    }
  }
}
